
Microsoft Visual Studio Solution File, Format Version 12.00
# Visual Studio Version 17
VisualStudioVersion = 17.4.33403.182
MinimumVisualStudioVersion = 10.0.40219.1
Project("{888888A0-9F3D-457C-B088-3A5042F75D52}") = "Numerolog", "Numerolog\Numerolog.pyproj", "{F007CA6B-23E2-438B-9D43-1ABE2F38AF33}"
EndProject
Global
	GlobalSection(SolutionConfigurationPlatforms) = preSolution
		Debug|Any CPU = Debug|Any CPU
		Release|Any CPU = Release|Any CPU
	EndGlobalSection
	GlobalSection(ProjectConfigurationPlatforms) = postSolution
		{F007CA6B-23E2-438B-9D43-1ABE2F38AF33}.Debug|Any CPU.ActiveCfg = Debug|Any CPU
		{F007CA6B-23E2-438B-9D43-1ABE2F38AF33}.Release|Any CPU.ActiveCfg = Release|Any CPU
	EndGlobalSection
	GlobalSection(SolutionProperties) = preSolution
		HideSolutionNode = FALSE
	EndGlobalSection
	GlobalSection(ExtensibilityGlobals) = postSolution
		SolutionGuid = {CF41F903-8004-41CD-9319-AA48449AB638}
	EndGlobalSection
EndGlobal
